
Microsoft Visual Studio Solution File, Format Version 12.00
# Visual Studio 15
VisualStudioVersion = 15.0.28307.489
MinimumVisualStudioVersion = 10.0.40219.1
Project("{FAE04EC0-301F-11D3-BF4B-00C04F79EFBC}") = "Assignment1.4", "Assignment1.4\Assignment1.4.csproj", "{3FEBDF81-DBEB-407C-840D-87BBD19A7745}"
EndProject
Global
	GlobalSection(SolutionConfigurationPlatforms) = preSolution
		Debug|Any CPU = Debug|Any CPU
		Release|Any CPU = Release|Any CPU
	EndGlobalSection
	GlobalSection(ProjectConfigurationPlatforms) = postSolution
		{3FEBDF81-DBEB-407C-840D-87BBD19A7745}.Debug|Any CPU.ActiveCfg = Debug|Any CPU
		{3FEBDF81-DBEB-407C-840D-87BBD19A7745}.Debug|Any CPU.Build.0 = Debug|Any CPU
		{3FEBDF81-DBEB-407C-840D-87BBD19A7745}.Release|Any CPU.ActiveCfg = Release|Any CPU
		{3FEBDF81-DBEB-407C-840D-87BBD19A7745}.Release|Any CPU.Build.0 = Release|Any CPU
	EndGlobalSection
	GlobalSection(SolutionProperties) = preSolution
		HideSolutionNode = FALSE
	EndGlobalSection
	GlobalSection(ExtensibilityGlobals) = postSolution
		SolutionGuid = {8CA867BB-4D9A-473E-B93D-CD6B7D78A33B}
	EndGlobalSection
EndGlobal
